
Microsoft Visual Studio Solution File, Format Version 12.00
# Visual Studio Version 16
VisualStudioVersion = 16.0.30104.148
MinimumVisualStudioVersion = 10.0.40219.1
Project("{FAE04EC0-301F-11D3-BF4B-00C04F79EFBC}") = "Crypto", "Crypto.csproj", "{A8CC8E2B-F756-49F6-A068-2B05B408A634}"
EndProject
Global
	GlobalSection(SolutionConfigurationPlatforms) = preSolution
		Debug|Any CPU = Debug|Any CPU
		Release|Any CPU = Release|Any CPU
	EndGlobalSection
	GlobalSection(ProjectConfigurationPlatforms) = postSolution
		{A8CC8E2B-F756-49F6-A068-2B05B408A634}.Debug|Any CPU.ActiveCfg = Debug|Any CPU
		{A8CC8E2B-F756-49F6-A068-2B05B408A634}.Debug|Any CPU.Build.0 = Debug|Any CPU
		{A8CC8E2B-F756-49F6-A068-2B05B408A634}.Release|Any CPU.ActiveCfg = Release|Any CPU
		{A8CC8E2B-F756-49F6-A068-2B05B408A634}.Release|Any CPU.Build.0 = Release|Any CPU
	EndGlobalSection
	GlobalSection(SolutionProperties) = preSolution
		HideSolutionNode = FALSE
	EndGlobalSection
	GlobalSection(ExtensibilityGlobals) = postSolution
		SolutionGuid = {442EB495-A605-4302-8B18-AE79CC577B58}
	EndGlobalSection
EndGlobal
